lockfileVersion: '9.0'

settings:
  autoInstallPeers: true
  excludeLinksFromLockfile: false

importers:

  .:
    dependencies:
      zx:
        specifier: ^8.4.1
        version: 8.4.1
    devDependencies:
      husky:
        specifier: ^9.1.7
        version: 9.1.7

packages:

  husky@9.1.7:
    resolution: {integrity: sha512-5gs5ytaNjBrh5Ow3zrvdUUY+0VxIuWVL4i9irt6friV+BqdCfmV11CQTWMiBYWHbXhco+J1kHfTOUkePhCDvMA==}
    engines: {node: '>=18'}
    hasBin: true

  zx@8.4.1:
    resolution: {integrity: sha512-1Cb+Tfwt/daKV6wckBeDbB6h3IMauqj9KWp+EcbYzi9doeJeIHCktxp/yWspXOXRdoUzBCQSKoUgm3g8r9fz5A==}
    engines: {node: '>= 12.17.0'}
    hasBin: true

snapshots:

  husky@9.1.7: {}

  zx@8.4.1: {}
